
Microsoft Visual Studio Solution File, Format Version 12.00
# Visual Studio 14
VisualStudioVersion = 14.0.23107.0
MinimumVisualStudioVersion = 10.0.40219.1
Project("{8BC9CEB8-8B4A-11D0-8D11-00A0C91BC942}") = "LAB2-1", "LAB2-1\LAB2-1.vcxproj", "{0DB9F934-31D2-4F89-8820-580CEA841D89}"
EndProject
Project("{8BC9CEB8-8B4A-11D0-8D11-00A0C91BC942}") = "Lab2-1-test", "Lab2-1-test\Lab2-1-test.vcxproj", "{005ECBB8-3C35-4CD9-8ACE-DEDA77F85DF9}"
EndProject
Global
	GlobalSection(SolutionConfigurationPlatforms) = preSolution
		Debug|x64 = Debug|x64
		Debug|x86 = Debug|x86
		Release|x64 = Release|x64
		Release|x86 = Release|x86
	EndGlobalSection
	GlobalSection(ProjectConfigurationPlatforms) = postSolution
		{0DB9F934-31D2-4F89-8820-580CEA841D89}.Debug|x64.ActiveCfg = Debug|x64
		{0DB9F934-31D2-4F89-8820-580CEA841D89}.Debug|x64.Build.0 = Debug|x64
		{0DB9F934-31D2-4F89-8820-580CEA841D89}.Debug|x86.ActiveCfg = Debug|Win32
		{0DB9F934-31D2-4F89-8820-580CEA841D89}.Debug|x86.Build.0 = Debug|Win32
		{0DB9F934-31D2-4F89-8820-580CEA841D89}.Release|x64.ActiveCfg = Release|x64
		{0DB9F934-31D2-4F89-8820-580CEA841D89}.Release|x64.Build.0 = Release|x64
		{0DB9F934-31D2-4F89-8820-580CEA841D89}.Release|x86.ActiveCfg = Release|Win32
		{0DB9F934-31D2-4F89-8820-580CEA841D89}.Release|x86.Build.0 = Release|Win32
		{005ECBB8-3C35-4CD9-8ACE-DEDA77F85DF9}.Debug|x64.ActiveCfg = Debug|x64
		{005ECBB8-3C35-4CD9-8ACE-DEDA77F85DF9}.Debug|x64.Build.0 = Debug|x64
		{005ECBB8-3C35-4CD9-8ACE-DEDA77F85DF9}.Debug|x86.ActiveCfg = Debug|Win32
		{005ECBB8-3C35-4CD9-8ACE-DEDA77F85DF9}.Debug|x86.Build.0 = Debug|Win32
		{005ECBB8-3C35-4CD9-8ACE-DEDA77F85DF9}.Release|x64.ActiveCfg = Release|x64
		{005ECBB8-3C35-4CD9-8ACE-DEDA77F85DF9}.Release|x64.Build.0 = Release|x64
		{005ECBB8-3C35-4CD9-8ACE-DEDA77F85DF9}.Release|x86.ActiveCfg = Release|Win32
		{005ECBB8-3C35-4CD9-8ACE-DEDA77F85DF9}.Release|x86.Build.0 = Release|Win32
	EndGlobalSection
	GlobalSection(SolutionProperties) = preSolution
		HideSolutionNode = FALSE
	EndGlobalSection
EndGlobal
